
Microsoft Visual Studio Solution File, Format Version 12.00
# Visual Studio Version 17
VisualStudioVersion = 17.9.34728.123
MinimumVisualStudioVersion = 10.0.40219.1
Project("{FAE04EC0-301F-11D3-BF4B-00C04F79EFBC}") = "API_Core", "API_Core\API_Core.csproj", "{BF8700CA-0769-4751-9255-792971FA72F1}"
EndProject
Global
	GlobalSection(SolutionConfigurationPlatforms) = preSolution
		Debug|Any CPU = Debug|Any CPU
		Release|Any CPU = Release|Any CPU
	EndGlobalSection
	GlobalSection(ProjectConfigurationPlatforms) = postSolution
		{BF8700CA-0769-4751-9255-792971FA72F1}.Debug|Any CPU.ActiveCfg = Debug|Any CPU
		{BF8700CA-0769-4751-9255-792971FA72F1}.Debug|Any CPU.Build.0 = Debug|Any CPU
		{BF8700CA-0769-4751-9255-792971FA72F1}.Release|Any CPU.ActiveCfg = Release|Any CPU
		{BF8700CA-0769-4751-9255-792971FA72F1}.Release|Any CPU.Build.0 = Release|Any CPU
	EndGlobalSection
	GlobalSection(SolutionProperties) = preSolution
		HideSolutionNode = FALSE
	EndGlobalSection
	GlobalSection(ExtensibilityGlobals) = postSolution
		SolutionGuid = {B03EB9AB-7AE4-45EF-8AD0-619C6E9A2FB9}
	EndGlobalSection
EndGlobal
